// !$*UTF8*$!
{
	archiveVersion = 1;
	classes = {
	};
	objectVersion = 50;
	objects = {

/* Begin PBXBuildFile section */
		CDAB5E9824FEA37E00DC4D3E /* AppDelegate.swift in Sources */ = {isa = PBXBuildFile; fileRef = CDAB5E9724FEA37E00DC4D3E /* AppDelegate.swift */; };
		CDAB5E9A24FEA37E00DC4D3E /* SceneDelegate.swift in Sources */ = {isa = PBXBuildFile; fileRef = CDAB5E9924FEA37E00DC4D3E /* SceneDelegate.swift */; };
		CDAB5E9C24FEA37E00DC4D3E /* ViewController.swift in Sources */ = {isa = PBXBuildFile; fileRef = CDAB5E9B24FEA37E00DC4D3E /* ViewController.swift */; };
		CDAB5E9F24FEA37E00DC4D3E /* Main.storyboard in Resources */ = {isa = PBXBuildFile; fileRef = CDAB5E9D24FEA37E00DC4D3E /* Main.storyboard */; };
		CDAB5EA124FEA38200DC4D3E /* Assets.xcassets in Resources */ = {isa = PBXBuildFile; fileRef = CDAB5EA024FEA38200DC4D3E /* Assets.xcassets */; };
		CDAB5EA424FEA38200DC4D3E /* LaunchScreen.storyboard in Resources */ = {isa = PBXBuildFile; fileRef = CDAB5EA224FEA38200DC4D3E /* LaunchScreen.storyboard */; };
/* End PBXBuildFile section */

/* Begin PBXFileReference section */
		CDAB5E9424FEA37E00DC4D3E /* daVinci.app */ = {isa = PBXFileReference; explicitFileType = wrapper.application; includeInIndex = 0; path = daVinci.app; sourceTree = BUILT_PRODUCTS_DIR; };
		CDAB5E9724FEA37E00DC4D3E /* AppDelegate.swift */ = {isa = PBXFileReference; lastKnownFileType = sourcecode.swift; path = AppDelegate.swift; sourceTree = "<group>"; };
		CDAB5E9924FEA37E00DC4D3E /* SceneDelegate.swift */ = {isa = PBXFileReference; lastKnownFileType = sourcecode.swift; path = SceneDelegate.swift; sourceTree = "<group>"; };
		CDAB5E9B24FEA37E00DC4D3E /* ViewController.swift */ = {isa = PBXFileReference; lastKnownFileType = sourcecode.swift; path = ViewController.swift; sourceTree = "<group>"; };
		CDAB5E9E24FEA37E00DC4D3E /* Base */ = {isa = PBXFileReference; lastKnownFileType = file.storyboard; name = Base; path = Base.lproj/Main.storyboard; sourceTree = "<group>"; };
		CDAB5EA024FEA38200DC4D3E /* Assets.xcassets */ = {isa = PBXFileReference; lastKnownFileType = folder.assetcatalog; path = Assets.xcassets; sourceTree = "<group>"; };
		CDAB5EA324FEA38200DC4D3E /* Base */ = {isa = PBXFileReference; lastKnownFileType = file.storyboard; name = Base; path = Base.lproj/LaunchScreen.storyboard; sourceTree = "<group>"; };
		CDAB5EA524FEA38200DC4D3E /* Info.plist */ = {isa = PBXFileReference; lastKnownFileType = text.plist.xml; path = Info.plist; sourceTree = "<group>"; };
/* End PBXFileReference section */

/* Begin PBXFrameworksBuildPhase section */
		CDAB5E9124FEA37E00DC4D3E /* Frameworks */ = {
			isa = PBXFrameworksBuildPhase;
			buildActionMask = 2147483647;
			files = (
			);
			runOnlyForDeploymentPostprocessing = 0;
		};
/* End PBXFrameworksBuildPhase section */

/* Begin PBXGroup section */
		CDAB5E8B24FEA37E00DC4D3E = {
			isa = PBXGroup;
			children = (
				CDAB5E9624FEA37E00DC4D3E /* daVinci */,
				CDAB5E9524FEA37E00DC4D3E /* Products */,
			);
			sourceTree = "<group>";
		};
		CDAB5E9524FEA37E00DC4D3E /* Products */ = {
			isa = PBXGroup;
			children = (
				CDAB5E9424FEA37E00DC4D3E /* daVinci.app */,
			);
			name = Products;
			sourceTree = "<group>";
		};
		CDAB5E9624FEA37E00DC4D3E /* daVinci */ = {
			isa = PBXGroup;
			children = (
				CDAB5E9724FEA37E00DC4D3E /* AppDelegate.swift */,
				CDAB5E9924FEA37E00DC4D3E /* SceneDelegate.swift */,
				CDAB5E9B24FEA37E00DC4D3E /* ViewController.swift */,
				CDAB5E9D24FEA37E00DC4D3E /* Main.storyboard */,
				CDAB5EA024FEA38200DC4D3E /* Assets.xcassets */,
				CDAB5EA224FEA38200DC4D3E /* LaunchScreen.storyboard */,
				CDAB5EA524FEA38200DC4D3E /* Info.plist */,
			);
			path = daVinci;
			sourceTree = "<group>";
		};
/* End PBXGroup section */

/* Begin PBXNativeTarget section */
		CDAB5E9324FEA37E00DC4D3E /* daVinci */ = {
			isa = PBXNativeTarget;
			buildConfigurationList = CDAB5EA824FEA38200DC4D3E /* Build configuration list for PBXNativeTarget "daVinci" */;
			buildPhases = (
				CDAB5E9024FEA37E00DC4D3E /* Sources */,
				CDAB5E9124FEA37E00DC4D3E /* Frameworks */,
				CDAB5E9224FEA37E00DC4D3E /* Resources */,
			);
			buildRules = (
			);
			dependencies = (
			);
			name = daVinci;
			productName = daVinci;
			productReference = CDAB5E9424FEA37E00DC4D3E /* daVinci.app */;
			productType = "com.apple.product-type.application";
		};
/* End PBXNativeTarget section */

/* Begin PBXProject section */
		CDAB5E8C24FEA37E00DC4D3E /* Project object */ = {
			isa = PBXProject;
			attributes = {
				LastSwiftUpdateCheck = 1110;
				LastUpgradeCheck = 1110;
				ORGANIZATIONNAME = "Ben Goldin";
				TargetAttributes = {
					CDAB5E9324FEA37E00DC4D3E = {
						CreatedOnToolsVersion = 11.1;
					};
				};
			};
			buildConfigurationList = CDAB5E8F24FEA37E00DC4D3E /* Build configuration list for PBXProject "daVinci" */;
			compatibilityVersion = "Xcode 9.3";
			developmentRegion = en;
			hasScannedForEncodings = 0;
			knownRegions = (
				en,
				Base,
			);
			mainGroup = CDAB5E8B24FEA37E00DC4D3E;
			productRefGroup = CDAB5E9524FEA37E00DC4D3E /* Products */;
			projectDirPath = "";
			projectRoot = "";
			targets = (
				CDAB5E9324FEA37E00DC4D3E /* daVinci */,
			);
		};
/* End PBXProject section */

/* Begin PBXResourcesBuildPhase section */
		CDAB5E9224FEA37E00DC4D3E /* Resources */ = {
			isa = PBXResourcesBuildPhase;
			buildActionMask = 2147483647;
			files = (
				CDAB5EA424FEA38200DC4D3E /* LaunchScreen.storyboard in Resources */,
				CDAB5EA124FEA38200DC4D3E /* Assets.xcassets in Resources */,
				CDAB5E9F24FEA37E00DC4D3E /* Main.storyboard in Resources */,
			);
			runOnlyForDeploymentPostprocessing = 0;
		};
/* End PBXResourcesBuildPhase section */

/* Begin PBXSourcesBuildPhase section */
		CDAB5E9024FEA37E00DC4D3E /* Sources */ = {
			isa = PBXSourcesBuildPhase;
			buildActionMask = 2147483647;
			files = (
				CDAB5E9C24FEA37E00DC4D3E /* ViewController.swift in Sources */,
				CDAB5E9824FEA37E00DC4D3E /* AppDelegate.swift in Sources */,
				CDAB5E9A24FEA37E00DC4D3E /* SceneDelegate.swift in Sources */,
			);
			runOnlyForDeploymentPostprocessing = 0;
		};
/* End PBXSourcesBuildPhase section */

/* Begin PBXVariantGroup section */
		CDAB5E9D24FEA37E00DC4D3E /* Main.storyboard */ = {
			isa = PBXVariantGroup;
			children = (
				CDAB5E9E24FEA37E00DC4D3E /* Base */,
			);
			name = Main.storyboard;
			sourceTree = "<group>";
		};
		CDAB5EA224FEA38200DC4D3E /* LaunchScreen.storyboard */ = {
			isa = PBXVariantGroup;
			children = (
				CDAB5EA324FEA38200DC4D3E /* Base */,
			);
			name = LaunchScreen.storyboard;
			sourceTree = "<group>";
		};
/* End PBXVariantGroup section */

/* Begin XCBuildConfiguration section */
		CDAB5EA624FEA38200DC4D3E /* Debug */ = {
			isa = XCBuildConfiguration;
			buildSettings = {
				ALWAYS_SEARCH_USER_PATHS = NO;
				CLANG_ANALYZER_NONNULL = YES;
				CLANG_ANALYZER_NUMBER_OBJECT_CONVERSION = YES_AGGRESSIVE;
				CLANG_CXX_LANGUAGE_STANDARD = "gnu++14";
				CLANG_CXX_LIBRARY = "libc++";
				CLANG_ENABLE_MODULES = YES;
				CLANG_ENABLE_OBJC_ARC = YES;
				CLANG_ENABLE_OBJC_WEAK = YES;
				CLANG_WARN_BLOCK_CAPTURE_AUTORELEASING = YES;
				CLANG_WARN_BOOL_CONVERSION = YES;
				CLANG_WARN_COMMA = YES;
				CLANG_WARN_CONSTANT_CONVERSION = YES;
				CLANG_WARN_DEPRECATED_OBJC_IMPLEMENTATIONS = YES;
				CLANG_WARN_DIRECT_OBJC_ISA_USAGE = YES_ERROR;
				CLANG_WARN_DOCUMENTATION_COMMENTS = YES;
				CLANG_WARN_EMPTY_BODY = YES;
				CLANG_WARN_ENUM_CONVERSION = YES;
				CLANG_WARN_INFINITE_RECURSION = YES;
				CLANG_WARN_INT_CONVERSION = YES;
				CLANG_WARN_NON_LITERAL_NULL_CONVERSION = YES;
				CLANG_WARN_OBJC_IMPLICIT_RETAIN_SELF = YES;
				CLANG_WARN_OBJC_LITERAL_CONVERSION = YES;
				CLANG_WARN_OBJC_ROOT_CLASS = YES_ERROR;
				CLANG_WARN_RANGE_LOOP_ANALYSIS = YES;
				CLANG_WARN_STRICT_PROTOTYPES = YES;
				CLANG_WARN_SUSPICIOUS_MOVE = YES;
				CLANG_WARN_UNGUARDED_AVAILABILITY = YES_AGGRESSIVE;
				CLANG_WARN_UNREACHABLE_CODE = YES;
				CLANG_WARN__DUPLICATE_METHOD_MATCH = YES;
				COPY_PHASE_STRIP = NO;
				DEBUG_INFORMATION_FORMAT = dwarf;
				ENABLE_STRICT_OBJC_MSGSEND = YES;
				ENABLE_TESTABILITY = YES;
				GCC_C_LANGUAGE_STANDARD = gnu11;
				GCC_DYNAMIC_NO_PIC = NO;
				GCC_NO_COMMON_BLOCKS = YES;
				GCC_OPTIMIZATION_LEVEL = 0;
				GCC_PREPROCESSOR_DEFINITIONS = (
					"DEBUG=1",
					"$(inherited)",
				);
				GCC_WARN_64_TO_32_BIT_CONVERSION = YES;
				GCC_WARN_ABOUT_RETURN_TYPE = YES_ERROR;
				GCC_WARN_UNDECLARED_SELECTOR = YES;
				GCC_WARN_UNINITIALIZED_AUTOS = YES_AGGRESSIVE;
				GCC_WARN_UNUSED_FUNCTION = YES;
				GCC_WARN_UNUSED_VARIABLE = YES;
				IPHONEOS_DEPLOYMENT_TARGET = 13.1;
				MTL_ENABLE_DEBUG_INFO = INCLUDE_SOURCE;
				MTL_FAST_MATH = YES;
				ONLY_ACTIVE_ARCH = YES;
				SDKROOT = iphoneos;
				SWIFT_ACTIVE_COMPILATION_CONDITIONS = DEBUG;
				SWIFT_OPTIMIZATION_LEVEL = "-Onone";
			};
			name = Debug;
		};
		CDAB5EA724FEA38200DC4D3E /* Release */ = {
			isa = XCBuildConfiguration;
			buildSettings = {
				ALWAYS_SEARCH_USER_PATHS = NO;
				CLANG_ANALYZER_NONNULL = YES;
				CLANG_ANALYZER_NUMBER_OBJECT_CONVERSION = YES_AGGRESSIVE;
				CLANG_CXX_LANGUAGE_STANDARD = "gnu++14";
				CLANG_CXX_LIBRARY = "libc++";
				CLANG_ENABLE_MODULES = YES;
				CLANG_ENABLE_OBJC_ARC = YES;
				CLANG_ENABLE_OBJC_WEAK = YES;
				CLANG_WARN_BLOCK_CAPTURE_AUTORELEASING = YES;
				CLANG_WARN_BOOL_CONVERSION = YES;
				CLANG_WARN_COMMA = YES;
				CLANG_WARN_CONSTANT_CONVERSION = YES;
				CLANG_WARN_DEPRECATED_OBJC_IMPLEMENTATIONS = YES;
				CLANG_WARN_DIRECT_OBJC_ISA_USAGE = YES_ERROR;
				CLANG_WARN_DOCUMENTATION_COMMENTS = YES;
				CLANG_WARN_EMPTY_BODY = YES;
				CLANG_WARN_ENUM_CONVERSION = YES;
				CLANG_WARN_INFINITE_RECURSION = YES;
				CLANG_WARN_INT_CONVERSION = YES;
				CLANG_WARN_NON_LITERAL_NULL_CONVERSION = YES;
				CLANG_WARN_OBJC_IMPLICIT_RETAIN_SELF = YES;
				CLANG_WARN_OBJC_LITERAL_CONVERSION = YES;
				CLANG_WARN_OBJC_ROOT_CLASS = YES_ERROR;
				CLANG_WARN_RANGE_LOOP_ANALYSIS = YES;
				CLANG_WARN_STRICT_PROTOTYPES = YES;
				CLANG_WARN_SUSPICIOUS_MOVE = YES;
				CLANG_WARN_UNGUARDED_AVAILABILITY = YES_AGGRESSIVE;
				CLANG_WARN_UNREACHABLE_CODE = YES;
				CLANG_WARN__DUPLICATE_METHOD_MATCH = YES;
				COPY_PHASE_STRIP = NO;
				DEBUG_INFORMATION_FORMAT = "dwarf-with-dsym";
				ENABLE_NS_ASSERTIONS = NO;
				ENABLE_STRICT_OBJC_MSGSEND = YES;
				GCC_C_LANGUAGE_STANDARD = gnu11;
				GCC_NO_COMMON_BLOCKS = YES;
				GCC_WARN_64_TO_32_BIT_CONVERSION = YES;
				GCC_WARN_ABOUT_RETURN_TYPE = YES_ERROR;
				GCC_WARN_UNDECLARED_SELECTOR = YES;
				GCC_WARN_UNINITIALIZED_AUTOS = YES_AGGRESSIVE;
				GCC_WARN_UNUSED_FUNCTION = YES;
				GCC_WARN_UNUSED_VARIABLE = YES;
				IPHONEOS_DEPLOYMENT_TARGET = 13.1;
				MTL_ENABLE_DEBUG_INFO = NO;
				MTL_FAST_MATH = YES;
				SDKROOT = iphoneos;
				SWIFT_COMPILATION_MODE = wholemodule;
				SWIFT_OPTIMIZATION_LEVEL = "-O";
				VALIDATE_PRODUCT = YES;
			};
			name = Release;
		};
		CDAB5EA924FEA38200DC4D3E /* Debug */ = {
			isa = XCBuildConfiguration;
			buildSettings = {
				ASSETCATALOG_COMPILER_APPICON_NAME = AppIcon;
				CODE_SIGN_STYLE = Automatic;
				INFOPLIST_FILE = daVinci/Info.plist;
				LD_RUNPATH_SEARCH_PATHS = (
					"$(inherited)",
					"@executable_path/Frameworks",
				);
				PRODUCT_BUNDLE_IDENTIFIER = com.daVinci;
				PRODUCT_NAME = "$(TARGET_NAME)";
				SWIFT_VERSION = 5.0;
				TARGETED_DEVICE_FAMILY = "1,2";
			};
			name = Debug;
		};
		CDAB5EAA24FEA38200DC4D3E /* Release */ = {
			isa = XCBuildConfiguration;
			buildSettings = {
				ASSETCATALOG_COMPILER_APPICON_NAME = AppIcon;
				CODE_SIGN_STYLE = Automatic;
				INFOPLIST_FILE = daVinci/Info.plist;
				LD_RUNPATH_SEARCH_PATHS = (
					"$(inherited)",
					"@executable_path/Frameworks",
				);
				PRODUCT_BUNDLE_IDENTIFIER = com.daVinci;
				PRODUCT_NAME = "$(TARGET_NAME)";
				SWIFT_VERSION = 5.0;
				TARGETED_DEVICE_FAMILY = "1,2";
			};
			name = Release;
		};
/* End XCBuildConfiguration section */

/* Begin XCConfigurationList section */
		CDAB5E8F24FEA37E00DC4D3E /* Build configuration list for PBXProject "daVinci" */ = {
			isa = XCConfigurationList;
			buildConfigurations = (
				CDAB5EA624FEA38200DC4D3E /* Debug */,
				CDAB5EA724FEA38200DC4D3E /* Release */,
			);
			defaultConfigurationIsVisible = 0;
			defaultConfigurationName = Release;
		};
		CDAB5EA824FEA38200DC4D3E /* Build configuration list for PBXNativeTarget "daVinci" */ = {
			isa = XCConfigurationList;
			buildConfigurations = (
				CDAB5EA924FEA38200DC4D3E /* Debug */,
				CDAB5EAA24FEA38200DC4D3E /* Release */,
			);
			defaultConfigurationIsVisible = 0;
			defaultConfigurationName = Release;
		};
/* End XCConfigurationList section */
	};
	rootObject = CDAB5E8C24FEA37E00DC4D3E /* Project object */;
}
